
Microsoft Visual Studio Solution File, Format Version 12.00
# Visual Studio Version 16
VisualStudioVersion = 16.0.28729.10
MinimumVisualStudioVersion = 10.0.40219.1
Project("{FAE04EC0-301F-11D3-BF4B-00C04F79EFBC}") = "HousePicturee", "HousePicturee\HousePicturee.csproj", "{1D18D257-6719-4190-B124-2C231458258B}"
EndProject
Global
	GlobalSection(SolutionConfigurationPlatforms) = preSolution
		Debug|Any CPU = Debug|Any CPU
		Release|Any CPU = Release|Any CPU
	EndGlobalSection
	GlobalSection(ProjectConfigurationPlatforms) = postSolution
		{1D18D257-6719-4190-B124-2C231458258B}.Debug|Any CPU.ActiveCfg = Debug|Any CPU
		{1D18D257-6719-4190-B124-2C231458258B}.Debug|Any CPU.Build.0 = Debug|Any CPU
		{1D18D257-6719-4190-B124-2C231458258B}.Release|Any CPU.ActiveCfg = Release|Any CPU
		{1D18D257-6719-4190-B124-2C231458258B}.Release|Any CPU.Build.0 = Release|Any CPU
	EndGlobalSection
	GlobalSection(SolutionProperties) = preSolution
		HideSolutionNode = FALSE
	EndGlobalSection
	GlobalSection(ExtensibilityGlobals) = postSolution
		SolutionGuid = {B0337C09-2B83-4F40-818D-CE6AB1E0A274}
	EndGlobalSection
EndGlobal
